{
  "version": 4,
  "terraform_version": "1.1.4",
  "serial": 28,
  "lineage": "fae69a87-20bd-8a94-94db-7ec6666c8468",
  "outputs": {},
  "resources": [
    {
      "mode": "managed",
      "type": "google_compute_firewall",
      "name": "ingress-banking",
      "provider": "provider[\"registry.terraform.io/hashicorp/google\"]",
      "instances": [
        {
          "schema_version": 1,
          "attributes": {
            "allow": [
              {
                "ports": [
                  "80"
                ],
                "protocol": "tcp"
              }
            ],
            "creation_timestamp": "2022-02-02T02:12:23.850-08:00",
            "deny": [],
            "description": "",
            "destination_ranges": [],
            "direction": "INGRESS",
            "disabled": false,
            "enable_logging": null,
            "id": "projects/cloudroom-313818/global/firewalls/ingress-banking",
            "log_config": [],
            "name": "ingress-banking",
            "network": "https://www.googleapis.com/compute/v1/projects/cloudroom-313818/global/networks/default",
            "priority": 1000,
            "project": "cloudroom-313818",
            "self_link": "https://www.googleapis.com/compute/v1/projects/cloudroom-313818/global/firewalls/ingress-banking",
            "source_ranges": [
              "0.0.0.0/0"
            ],
            "source_service_accounts": [],
            "source_tags": [],
            "target_service_accounts": [],
            "target_tags": [
              "http-banking"
            ],
            "timeouts": null
          },
          "sensitive_attributes": [],
          "private": "eyJlMmJmYjczMC1lY2FhLTExZTYtOGY4OC0zNDM2M2JjN2M0YzAiOnsiY3JlYXRlIjoyNDAwMDAwMDAwMDAsImRlbGV0ZSI6MjQwMDAwMDAwMDAwLCJ1cGRhdGUiOjI0MDAwMDAwMDAwMH0sInNjaGVtYV92ZXJzaW9uIjoiMSJ9"
        }
      ]
    },
    {
      "mode": "managed",
      "type": "google_compute_instance",
      "name": "vm",
      "provider": "provider[\"registry.terraform.io/hashicorp/google\"]",
      "instances": [
        {
          "schema_version": 6,
          "attributes": {
            "advanced_machine_features": [],
            "allow_stopping_for_update": null,
            "attached_disk": [],
            "boot_disk": [
              {
                "auto_delete": true,
                "device_name": "persistent-disk-0",
                "disk_encryption_key_raw": "",
                "disk_encryption_key_sha256": "",
                "initialize_params": [
                  {
                    "image": "https://www.googleapis.com/compute/v1/projects/cos-cloud/global/images/cos-stable-93-16623-102-5",
                    "labels": {},
                    "size": 10,
                    "type": "pd-standard"
                  }
                ],
                "kms_key_self_link": "",
                "mode": "READ_WRITE",
                "source": "https://www.googleapis.com/compute/v1/projects/cloudroom-313818/zones/europe-west1-c/disks/container-vm-terraform-eec51207"
              }
            ],
            "can_ip_forward": false,
            "confidential_instance_config": [],
            "cpu_platform": "Intel Haswell",
            "current_status": "RUNNING",
            "deletion_protection": false,
            "description": "",
            "desired_status": null,
            "enable_display": false,
            "guest_accelerator": [],
            "hostname": "",
            "id": "projects/cloudroom-313818/zones/europe-west1-c/instances/container-vm-terraform-eec51207",
            "instance_id": "4682318459627366023",
            "label_fingerprint": "xZsUPkjKtHk=",
            "labels": {
              "container-vm": "cos-stable-93-16623-102-5"
            },
            "machine_type": "n1-standard-1",
            "metadata": {
              "gce-container-declaration": "\"spec\":\n  \"containers\":\n  - \"image\": \"eu.gcr.io/epa-flite-2021/unreliablebanking:latest\"\n  \"restartPolicy\": \"Always\"\n  \"volumes\": []\n",
              "google-logging-enabled": "true",
              "google-monitoring-enabled": "true"
            },
            "metadata_fingerprint": "YZBx7yMMluI=",
            "metadata_startup_script": null,
            "min_cpu_platform": "",
            "name": "container-vm-terraform-eec51207",
            "network_interface": [
              {
                "access_config": [
                  {
                    "nat_ip": "34.77.191.25",
                    "network_tier": "PREMIUM",
                    "public_ptr_domain_name": ""
                  }
                ],
                "alias_ip_range": [],
                "ipv6_access_config": [],
                "ipv6_access_type": "",
                "name": "nic0",
                "network": "https://www.googleapis.com/compute/v1/projects/cloudroom-313818/global/networks/default",
                "network_ip": "10.132.0.6",
                "nic_type": "",
                "queue_count": 0,
                "stack_type": "IPV4_ONLY",
                "subnetwork": "https://www.googleapis.com/compute/v1/projects/cloudroom-313818/regions/europe-west1/subnetworks/default",
                "subnetwork_project": "cloudroom-313818"
              }
            ],
            "project": "cloudroom-313818",
            "reservation_affinity": [],
            "resource_policies": [],
            "scheduling": [
              {
                "automatic_restart": true,
                "min_node_cpus": 0,
                "node_affinities": [],
                "on_host_maintenance": "MIGRATE",
                "preemptible": false
              }
            ],
            "scratch_disk": [],
            "self_link": "https://www.googleapis.com/compute/v1/projects/cloudroom-313818/zones/europe-west1-c/instances/container-vm-terraform-eec51207",
            "service_account": [
              {
                "email": "747241312189-compute@developer.gserviceaccount.com",
                "scopes": [
                  "https://www.googleapis.com/auth/cloud-platform"
                ]
              }
            ],
            "shielded_instance_config": [
              {
                "enable_integrity_monitoring": true,
                "enable_secure_boot": false,
                "enable_vtpm": true
              }
            ],
            "tags": [],
            "tags_fingerprint": "42WmSpB8rSM=",
            "timeouts": null,
            "zone": "europe-west1-c"
          },
          "sensitive_attributes": [],
          "private": "eyJlMmJmYjczMC1lY2FhLTExZTYtOGY4OC0zNDM2M2JjN2M0YzAiOnsiY3JlYXRlIjoxMjAwMDAwMDAwMDAwLCJkZWxldGUiOjEyMDAwMDAwMDAwMDAsInVwZGF0ZSI6MTIwMDAwMDAwMDAwMH0sInNjaGVtYV92ZXJzaW9uIjoiNiJ9",
          "dependencies": [
            "module.gce-container.data.google_compute_image.coreos"
          ]
        }
      ]
    },
    {
      "module": "module.gce-container",
      "mode": "data",
      "type": "google_compute_image",
      "name": "coreos",
      "provider": "provider[\"registry.terraform.io/hashicorp/google\"]",
      "instances": [
        {
          "schema_version": 0,
          "attributes": {
            "archive_size_bytes": 1228490304,
            "creation_timestamp": "2022-01-31T12:41:04.914-08:00",
            "description": "Google, Container-Optimized OS, 93-16623.102.5 stable, Kernel: COS-5.10.90 Kubernetes: 1.21.8 Docker: 20.10.6 Family: cos-stable, supports Shielded VM features, supports Confidential VM features on N2D",
            "disk_size_gb": 10,
            "family": "cos-stable",
            "filter": null,
            "id": "projects/cos-cloud/global/images/cos-stable-93-16623-102-5",
            "image_encryption_key_sha256": "",
            "image_id": "3976112161265416079",
            "label_fingerprint": "Wep2z5O3RDw=",
            "labels": {
              "build_number": "16623-102-5",
              "milestone": "93"
            },
            "licenses": [
              "https://www.googleapis.com/compute/v1/projects/cos-cloud-shielded/global/licenses/shielded-cos",
              "https://www.googleapis.com/compute/v1/projects/cos-cloud/global/licenses/cos-pcid",
              "https://www.googleapis.com/compute/v1/projects/cos-cloud/global/licenses/cos"
            ],
            "name": "cos-stable-93-16623-102-5",
            "project": "cos-cloud",
            "self_link": "https://www.googleapis.com/compute/v1/projects/cos-cloud/global/images/cos-stable-93-16623-102-5",
            "source_disk": "",
            "source_disk_encryption_key_sha256": "",
            "source_disk_id": "",
            "source_image_id": "",
            "status": "READY"
          },
          "sensitive_attributes": []
        }
      ]
    }
  ]
}
